
Microsoft Visual Studio Solution File, Format Version 11.00
# Visual Studio 2010
Project("{FAE04EC0-301F-11D3-BF4B-00C04F79EFBC}") = "MvcMusicStore", "MvcMusicStore\MvcMusicStore.csproj", "{32DCD27D-A84C-4250-B657-408B3620A9AC}"
EndProject
Project("{FAE04EC0-301F-11D3-BF4B-00C04F79EFBC}") = "MvcMusicStore.Tests.UI", "MvcMusicStore.Tests.UI\MvcMusicStore.Tests.UI.csproj", "{B9508601-2964-4A6B-89BB-D48EDD1DA445}"
EndProject
Project("{FAE04EC0-301F-11D3-BF4B-00C04F79EFBC}") = "MvcMusicStore.Tests.Controller", "MvcMusicStore.Tests.Controller\MvcMusicStore.Tests.Controller.csproj", "{A8661A48-80F3-427B-AFC0-F3143D00566E}"
EndProject
Global
	GlobalSection(SolutionConfigurationPlatforms) = preSolution
		Debug|Any CPU = Debug|Any CPU
		Release|Any CPU = Release|Any CPU
	EndGlobalSection
	GlobalSection(ProjectConfigurationPlatforms) = postSolution
		{32DCD27D-A84C-4250-B657-408B3620A9AC}.Debug|Any CPU.ActiveCfg = Debug|Any CPU
		{32DCD27D-A84C-4250-B657-408B3620A9AC}.Debug|Any CPU.Build.0 = Debug|Any CPU
		{32DCD27D-A84C-4250-B657-408B3620A9AC}.Release|Any CPU.ActiveCfg = Release|Any CPU
		{32DCD27D-A84C-4250-B657-408B3620A9AC}.Release|Any CPU.Build.0 = Release|Any CPU
		{B9508601-2964-4A6B-89BB-D48EDD1DA445}.Debug|Any CPU.ActiveCfg = Debug|Any CPU
		{B9508601-2964-4A6B-89BB-D48EDD1DA445}.Debug|Any CPU.Build.0 = Debug|Any CPU
		{B9508601-2964-4A6B-89BB-D48EDD1DA445}.Release|Any CPU.ActiveCfg = Release|Any CPU
		{B9508601-2964-4A6B-89BB-D48EDD1DA445}.Release|Any CPU.Build.0 = Release|Any CPU
		{A8661A48-80F3-427B-AFC0-F3143D00566E}.Debug|Any CPU.ActiveCfg = Debug|Any CPU
		{A8661A48-80F3-427B-AFC0-F3143D00566E}.Debug|Any CPU.Build.0 = Debug|Any CPU
		{A8661A48-80F3-427B-AFC0-F3143D00566E}.Release|Any CPU.ActiveCfg = Release|Any CPU
		{A8661A48-80F3-427B-AFC0-F3143D00566E}.Release|Any CPU.Build.0 = Release|Any CPU
	EndGlobalSection
	GlobalSection(SolutionProperties) = preSolution
		HideSolutionNode = FALSE
	EndGlobalSection
EndGlobal
